// !$*UTF8*$!
{
	archiveVersion = 1;
	classes = {
	};
	objectVersion = 46;
	objects = {

/* Begin PBXBuildFile section */
		202D59C91420FA7B00EF241A /* STCell.m in Sources */ = {isa = PBXBuildFile; fileRef = 202D59C81420FA7B00EF241A /* STCell.m */; };
		202D5A151421037A00EF241A /* Foundation.framework in Frameworks */ = {isa = PBXBuildFile; fileRef = 20F9F131141E0BBC00A72BE8 /* Foundation.framework */; };
		202D5A1B1421037A00EF241A /* StaticTableLib.m in Sources */ = {isa = PBXBuildFile; fileRef = 202D5A1A1421037A00EF241A /* StaticTableLib.m */; };
		202D5A201421039300EF241A /* STCell.m in Sources */ = {isa = PBXBuildFile; fileRef = 202D59C81420FA7B00EF241A /* STCell.m */; };
		202D5A211421039300EF241A /* STTableViewController.m in Sources */ = {isa = PBXBuildFile; fileRef = 20F9F156141E0F2400A72BE8 /* STTableViewController.m */; };
		202D5A221421039300EF241A /* STSectionModel.m in Sources */ = {isa = PBXBuildFile; fileRef = 20F9F15A141E17FD00A72BE8 /* STSectionModel.m */; };
		202D5A231421039300EF241A /* STCellModel.m in Sources */ = {isa = PBXBuildFile; fileRef = 20F9F15D141E18E000A72BE8 /* STCellModel.m */; };
		20F9F130141E0BBC00A72BE8 /* UIKit.framework in Frameworks */ = {isa = PBXBuildFile; fileRef = 20F9F12F141E0BBC00A72BE8 /* UIKit.framework */; };
		20F9F132141E0BBC00A72BE8 /* Foundation.framework in Frameworks */ = {isa = PBXBuildFile; fileRef = 20F9F131141E0BBC00A72BE8 /* Foundation.framework */; };
		20F9F138141E0BBC00A72BE8 /* InfoPlist.strings in Resources */ = {isa = PBXBuildFile; fileRef = 20F9F136141E0BBC00A72BE8 /* InfoPlist.strings */; };
		20F9F13A141E0BBC00A72BE8 /* main.m in Sources */ = {isa = PBXBuildFile; fileRef = 20F9F139141E0BBC00A72BE8 /* main.m */; };
		20F9F13E141E0BBC00A72BE8 /* AppDelegate.m in Sources */ = {isa = PBXBuildFile; fileRef = 20F9F13D141E0BBC00A72BE8 /* AppDelegate.m */; };
		20F9F158141E0F2400A72BE8 /* STTableViewController.m in Sources */ = {isa = PBXBuildFile; fileRef = 20F9F156141E0F2400A72BE8 /* STTableViewController.m */; };
		20F9F15B141E17FD00A72BE8 /* STSectionModel.m in Sources */ = {isa = PBXBuildFile; fileRef = 20F9F15A141E17FD00A72BE8 /* STSectionModel.m */; };
		20F9F15E141E18E000A72BE8 /* STCellModel.m in Sources */ = {isa = PBXBuildFile; fileRef = 20F9F15D141E18E000A72BE8 /* STCellModel.m */; };
/* End PBXBuildFile section */

/* Begin PBXFileReference section */
		202D59C71420FA7B00EF241A /* STCell.h */ = {isa = PBXFileReference; fileEncoding = 4; lastKnownFileType = sourcecode.c.h; path = STCell.h; sourceTree = "<group>"; };
		202D59C81420FA7B00EF241A /* STCell.m */ = {isa = PBXFileReference; fileEncoding = 4; lastKnownFileType = sourcecode.c.objc; path = STCell.m; sourceTree = "<group>"; };
		202D5A141421037A00EF241A /* libStaticTableLib.a */ = {isa = PBXFileReference; explicitFileType = archive.ar; includeInIndex = 0; path = libStaticTableLib.a; sourceTree = BUILT_PRODUCTS_DIR; };
		202D5A181421037A00EF241A /* StaticTableLib-Prefix.pch */ = {isa = PBXFileReference; lastKnownFileType = sourcecode.c.h; path = "StaticTableLib-Prefix.pch"; sourceTree = "<group>"; };
		202D5A191421037A00EF241A /* StaticTableLib.h */ = {isa = PBXFileReference; lastKnownFileType = sourcecode.c.h; path = StaticTableLib.h; sourceTree = "<group>"; };
		202D5A1A1421037A00EF241A /* StaticTableLib.m */ = {isa = PBXFileReference; lastKnownFileType = sourcecode.c.objc; path = StaticTableLib.m; sourceTree = "<group>"; };
		20F9F12B141E0BBC00A72BE8 /* StaticTable.app */ = {isa = PBXFileReference; explicitFileType = wrapper.application; includeInIndex = 0; path = StaticTable.app; sourceTree = BUILT_PRODUCTS_DIR; };
		20F9F12F141E0BBC00A72BE8 /* UIKit.framework */ = {isa = PBXFileReference; lastKnownFileType = wrapper.framework; name = UIKit.framework; path = System/Library/Frameworks/UIKit.framework; sourceTree = SDKROOT; };
		20F9F131141E0BBC00A72BE8 /* Foundation.framework */ = {isa = PBXFileReference; lastKnownFileType = wrapper.framework; name = Foundation.framework; path = System/Library/Frameworks/Foundation.framework; sourceTree = SDKROOT; };
		20F9F135141E0BBC00A72BE8 /* StaticTable-Info.plist */ = {isa = PBXFileReference; lastKnownFileType = text.plist.xml; path = "StaticTable-Info.plist"; sourceTree = "<group>"; };
		20F9F137141E0BBC00A72BE8 /* en */ = {isa = PBXFileReference; lastKnownFileType = text.plist.strings; name = en; path = en.lproj/InfoPlist.strings; sourceTree = "<group>"; };
		20F9F139141E0BBC00A72BE8 /* main.m */ = {isa = PBXFileReference; lastKnownFileType = sourcecode.c.objc; path = main.m; sourceTree = "<group>"; };
		20F9F13B141E0BBC00A72BE8 /* StaticTable-Prefix.pch */ = {isa = PBXFileReference; lastKnownFileType = sourcecode.c.h; path = "StaticTable-Prefix.pch"; sourceTree = "<group>"; };
		20F9F13C141E0BBC00A72BE8 /* AppDelegate.h */ = {isa = PBXFileReference; lastKnownFileType = sourcecode.c.h; path = AppDelegate.h; sourceTree = "<group>"; };
		20F9F13D141E0BBC00A72BE8 /* AppDelegate.m */ = {isa = PBXFileReference; lastKnownFileType = sourcecode.c.objc; path = AppDelegate.m; sourceTree = "<group>"; };
		20F9F155141E0F2400A72BE8 /* STTableViewController.h */ = {isa = PBXFileReference; fileEncoding = 4; lastKnownFileType = sourcecode.c.h; path = STTableViewController.h; sourceTree = "<group>"; };
		20F9F156141E0F2400A72BE8 /* STTableViewController.m */ = {isa = PBXFileReference; fileEncoding = 4; lastKnownFileType = sourcecode.c.objc; path = STTableViewController.m; sourceTree = "<group>"; };
		20F9F159141E17FD00A72BE8 /* STSectionModel.h */ = {isa = PBXFileReference; fileEncoding = 4; lastKnownFileType = sourcecode.c.h; path = STSectionModel.h; sourceTree = "<group>"; };
		20F9F15A141E17FD00A72BE8 /* STSectionModel.m */ = {isa = PBXFileReference; fileEncoding = 4; lastKnownFileType = sourcecode.c.objc; path = STSectionModel.m; sourceTree = "<group>"; };
		20F9F15C141E18E000A72BE8 /* STCellModel.h */ = {isa = PBXFileReference; fileEncoding = 4; lastKnownFileType = sourcecode.c.h; path = STCellModel.h; sourceTree = "<group>"; };
		20F9F15D141E18E000A72BE8 /* STCellModel.m */ = {isa = PBXFileReference; fileEncoding = 4; lastKnownFileType = sourcecode.c.objc; path = STCellModel.m; sourceTree = "<group>"; };
/* End PBXFileReference section */

/* Begin PBXFrameworksBuildPhase section */
		202D5A111421037A00EF241A /* Frameworks */ = {
			isa = PBXFrameworksBuildPhase;
			buildActionMask = 2147483647;
			files = (
				202D5A151421037A00EF241A /* Foundation.framework in Frameworks */,
			);
			runOnlyForDeploymentPostprocessing = 0;
		};
		20F9F128141E0BBC00A72BE8 /* Frameworks */ = {
			isa = PBXFrameworksBuildPhase;
			buildActionMask = 2147483647;
			files = (
				20F9F130141E0BBC00A72BE8 /* UIKit.framework in Frameworks */,
				20F9F132141E0BBC00A72BE8 /* Foundation.framework in Frameworks */,
			);
			runOnlyForDeploymentPostprocessing = 0;
		};
/* End PBXFrameworksBuildPhase section */

/* Begin PBXGroup section */
		202D5A161421037A00EF241A /* StaticTableLib */ = {
			isa = PBXGroup;
			children = (
				202D5A191421037A00EF241A /* StaticTableLib.h */,
				202D5A1A1421037A00EF241A /* StaticTableLib.m */,
				202D5A171421037A00EF241A /* Supporting Files */,
			);
			path = StaticTableLib;
			sourceTree = "<group>";
		};
		202D5A171421037A00EF241A /* Supporting Files */ = {
			isa = PBXGroup;
			children = (
				202D5A181421037A00EF241A /* StaticTableLib-Prefix.pch */,
			);
			name = "Supporting Files";
			sourceTree = "<group>";
		};
		20F9F120141E0BBC00A72BE8 = {
			isa = PBXGroup;
			children = (
				20F9F133141E0BBC00A72BE8 /* StaticTable */,
				202D5A161421037A00EF241A /* StaticTableLib */,
				20F9F12E141E0BBC00A72BE8 /* Frameworks */,
				20F9F12C141E0BBC00A72BE8 /* Products */,
			);
			sourceTree = "<group>";
		};
		20F9F12C141E0BBC00A72BE8 /* Products */ = {
			isa = PBXGroup;
			children = (
				20F9F12B141E0BBC00A72BE8 /* StaticTable.app */,
				202D5A141421037A00EF241A /* libStaticTableLib.a */,
			);
			name = Products;
			sourceTree = "<group>";
		};
		20F9F12E141E0BBC00A72BE8 /* Frameworks */ = {
			isa = PBXGroup;
			children = (
				20F9F12F141E0BBC00A72BE8 /* UIKit.framework */,
				20F9F131141E0BBC00A72BE8 /* Foundation.framework */,
			);
			name = Frameworks;
			sourceTree = "<group>";
		};
		20F9F133141E0BBC00A72BE8 /* StaticTable */ = {
			isa = PBXGroup;
			children = (
				20F9F13C141E0BBC00A72BE8 /* AppDelegate.h */,
				20F9F13D141E0BBC00A72BE8 /* AppDelegate.m */,
				20F9F152141E0F2400A72BE8 /* Classes */,
				20F9F134141E0BBC00A72BE8 /* Supporting Files */,
			);
			path = StaticTable;
			sourceTree = "<group>";
		};
		20F9F134141E0BBC00A72BE8 /* Supporting Files */ = {
			isa = PBXGroup;
			children = (
				20F9F135141E0BBC00A72BE8 /* StaticTable-Info.plist */,
				20F9F136141E0BBC00A72BE8 /* InfoPlist.strings */,
				20F9F139141E0BBC00A72BE8 /* main.m */,
				20F9F13B141E0BBC00A72BE8 /* StaticTable-Prefix.pch */,
			);
			name = "Supporting Files";
			sourceTree = "<group>";
		};
		20F9F152141E0F2400A72BE8 /* Classes */ = {
			isa = PBXGroup;
			children = (
				20F9F153141E0F2400A72BE8 /* Cells */,
				20F9F154141E0F2400A72BE8 /* Controllers */,
				20F9F157141E0F2400A72BE8 /* Models */,
			);
			path = Classes;
			sourceTree = "<group>";
		};
		20F9F153141E0F2400A72BE8 /* Cells */ = {
			isa = PBXGroup;
			children = (
				202D59C71420FA7B00EF241A /* STCell.h */,
				202D59C81420FA7B00EF241A /* STCell.m */,
			);
			path = Cells;
			sourceTree = "<group>";
		};
		20F9F154141E0F2400A72BE8 /* Controllers */ = {
			isa = PBXGroup;
			children = (
				20F9F155141E0F2400A72BE8 /* STTableViewController.h */,
				20F9F156141E0F2400A72BE8 /* STTableViewController.m */,
			);
			path = Controllers;
			sourceTree = "<group>";
		};
		20F9F157141E0F2400A72BE8 /* Models */ = {
			isa = PBXGroup;
			children = (
				20F9F159141E17FD00A72BE8 /* STSectionModel.h */,
				20F9F15A141E17FD00A72BE8 /* STSectionModel.m */,
				20F9F15C141E18E000A72BE8 /* STCellModel.h */,
				20F9F15D141E18E000A72BE8 /* STCellModel.m */,
			);
			path = Models;
			sourceTree = "<group>";
		};
/* End PBXGroup section */

/* Begin PBXHeadersBuildPhase section */
		202D5A121421037A00EF241A /* Headers */ = {
			isa = PBXHeadersBuildPhase;
			buildActionMask = 2147483647;
			files = (
			);
			runOnlyForDeploymentPostprocessing = 0;
		};
/* End PBXHeadersBuildPhase section */

/* Begin PBXNativeTarget section */
		202D5A131421037A00EF241A /* StaticTableLib */ = {
			isa = PBXNativeTarget;
			buildConfigurationList = 202D5A1E1421037A00EF241A /* Build configuration list for PBXNativeTarget "StaticTableLib" */;
			buildPhases = (
				202D5A101421037A00EF241A /* Sources */,
				202D5A111421037A00EF241A /* Frameworks */,
				202D5A121421037A00EF241A /* Headers */,
			);
			buildRules = (
			);
			dependencies = (
			);
			name = StaticTableLib;
			productName = StaticTableLib;
			productReference = 202D5A141421037A00EF241A /* libStaticTableLib.a */;
			productType = "com.apple.product-type.library.static";
		};
		20F9F12A141E0BBC00A72BE8 /* StaticTable */ = {
			isa = PBXNativeTarget;
			buildConfigurationList = 20F9F147141E0BBC00A72BE8 /* Build configuration list for PBXNativeTarget "StaticTable" */;
			buildPhases = (
				20F9F127141E0BBC00A72BE8 /* Sources */,
				20F9F128141E0BBC00A72BE8 /* Frameworks */,
				20F9F129141E0BBC00A72BE8 /* Resources */,
			);
			buildRules = (
			);
			dependencies = (
			);
			name = StaticTable;
			productName = StaticTable;
			productReference = 20F9F12B141E0BBC00A72BE8 /* StaticTable.app */;
			productType = "com.apple.product-type.application";
		};
/* End PBXNativeTarget section */

/* Begin PBXProject section */
		20F9F122141E0BBC00A72BE8 /* Project object */ = {
			isa = PBXProject;
			attributes = {
				LastUpgradeCheck = 0420;
			};
			buildConfigurationList = 20F9F125141E0BBC00A72BE8 /* Build configuration list for PBXProject "StaticTable" */;
			compatibilityVersion = "Xcode 3.2";
			developmentRegion = English;
			hasScannedForEncodings = 0;
			knownRegions = (
				en,
			);
			mainGroup = 20F9F120141E0BBC00A72BE8;
			productRefGroup = 20F9F12C141E0BBC00A72BE8 /* Products */;
			projectDirPath = "";
			projectRoot = "";
			targets = (
				20F9F12A141E0BBC00A72BE8 /* StaticTable */,
				202D5A131421037A00EF241A /* StaticTableLib */,
			);
		};
/* End PBXProject section */

/* Begin PBXResourcesBuildPhase section */
		20F9F129141E0BBC00A72BE8 /* Resources */ = {
			isa = PBXResourcesBuildPhase;
			buildActionMask = 2147483647;
			files = (
				20F9F138141E0BBC00A72BE8 /* InfoPlist.strings in Resources */,
			);
			runOnlyForDeploymentPostprocessing = 0;
		};
/* End PBXResourcesBuildPhase section */

/* Begin PBXSourcesBuildPhase section */
		202D5A101421037A00EF241A /* Sources */ = {
			isa = PBXSourcesBuildPhase;
			buildActionMask = 2147483647;
			files = (
				202D5A201421039300EF241A /* STCell.m in Sources */,
				202D5A211421039300EF241A /* STTableViewController.m in Sources */,
				202D5A221421039300EF241A /* STSectionModel.m in Sources */,
				202D5A231421039300EF241A /* STCellModel.m in Sources */,
				202D5A1B1421037A00EF241A /* StaticTableLib.m in Sources */,
			);
			runOnlyForDeploymentPostprocessing = 0;
		};
		20F9F127141E0BBC00A72BE8 /* Sources */ = {
			isa = PBXSourcesBuildPhase;
			buildActionMask = 2147483647;
			files = (
				20F9F13A141E0BBC00A72BE8 /* main.m in Sources */,
				20F9F13E141E0BBC00A72BE8 /* AppDelegate.m in Sources */,
				20F9F158141E0F2400A72BE8 /* STTableViewController.m in Sources */,
				20F9F15B141E17FD00A72BE8 /* STSectionModel.m in Sources */,
				20F9F15E141E18E000A72BE8 /* STCellModel.m in Sources */,
				202D59C91420FA7B00EF241A /* STCell.m in Sources */,
			);
			runOnlyForDeploymentPostprocessing = 0;
		};
/* End PBXSourcesBuildPhase section */

/* Begin PBXVariantGroup section */
		20F9F136141E0BBC00A72BE8 /* InfoPlist.strings */ = {
			isa = PBXVariantGroup;
			children = (
				20F9F137141E0BBC00A72BE8 /* en */,
			);
			name = InfoPlist.strings;
			sourceTree = "<group>";
		};
/* End PBXVariantGroup section */

/* Begin XCBuildConfiguration section */
		202D5A1C1421037A00EF241A /* Debug */ = {
			isa = XCBuildConfiguration;
			buildSettings = {
				DSTROOT = /tmp/StaticTableLib.dst;
				GCC_PRECOMPILE_PREFIX_HEADER = YES;
				GCC_PREFIX_HEADER = "StaticTableLib/StaticTableLib-Prefix.pch";
				OTHER_LDFLAGS = "-ObjC";
				PRODUCT_NAME = "$(TARGET_NAME)";
				SKIP_INSTALL = YES;
			};
			name = Debug;
		};
		202D5A1D1421037A00EF241A /* Release */ = {
			isa = XCBuildConfiguration;
			buildSettings = {
				DSTROOT = /tmp/StaticTableLib.dst;
				GCC_PRECOMPILE_PREFIX_HEADER = YES;
				GCC_PREFIX_HEADER = "StaticTableLib/StaticTableLib-Prefix.pch";
				OTHER_LDFLAGS = "-ObjC";
				PRODUCT_NAME = "$(TARGET_NAME)";
				SKIP_INSTALL = YES;
			};
			name = Release;
		};
		20F9F145141E0BBC00A72BE8 /* Debug */ = {
			isa = XCBuildConfiguration;
			buildSettings = {
				ALWAYS_SEARCH_USER_PATHS = NO;
				ARCHS = "$(ARCHS_STANDARD_32_BIT)";
				CLANG_ENABLE_OBJC_ARC = YES;
				"CODE_SIGN_IDENTITY[sdk=iphoneos*]" = "iPhone Developer";
				COPY_PHASE_STRIP = NO;
				GCC_C_LANGUAGE_STANDARD = gnu99;
				GCC_DYNAMIC_NO_PIC = NO;
				GCC_OPTIMIZATION_LEVEL = 0;
				GCC_PREPROCESSOR_DEFINITIONS = (
					"DEBUG=1",
					"$(inherited)",
				);
				GCC_SYMBOLS_PRIVATE_EXTERN = NO;
				GCC_VERSION = com.apple.compilers.llvm.clang.1_0;
				GCC_WARN_ABOUT_MISSING_PROTOTYPES = YES;
				GCC_WARN_ABOUT_RETURN_TYPE = YES;
				GCC_WARN_UNUSED_VARIABLE = YES;
				IPHONEOS_DEPLOYMENT_TARGET = 5.0;
				SDKROOT = iphoneos;
			};
			name = Debug;
		};
		20F9F146141E0BBC00A72BE8 /* Release */ = {
			isa = XCBuildConfiguration;
			buildSettings = {
				ALWAYS_SEARCH_USER_PATHS = NO;
				ARCHS = "$(ARCHS_STANDARD_32_BIT)";
				CLANG_ENABLE_OBJC_ARC = YES;
				"CODE_SIGN_IDENTITY[sdk=iphoneos*]" = "iPhone Developer";
				COPY_PHASE_STRIP = YES;
				GCC_C_LANGUAGE_STANDARD = gnu99;
				GCC_VERSION = com.apple.compilers.llvm.clang.1_0;
				GCC_WARN_ABOUT_MISSING_PROTOTYPES = YES;
				GCC_WARN_ABOUT_RETURN_TYPE = YES;
				GCC_WARN_UNUSED_VARIABLE = YES;
				IPHONEOS_DEPLOYMENT_TARGET = 5.0;
				OTHER_CFLAGS = "-DNS_BLOCK_ASSERTIONS=1";
				SDKROOT = iphoneos;
				VALIDATE_PRODUCT = YES;
			};
			name = Release;
		};
		20F9F148141E0BBC00A72BE8 /* Debug */ = {
			isa = XCBuildConfiguration;
			buildSettings = {
				GCC_PRECOMPILE_PREFIX_HEADER = YES;
				GCC_PREFIX_HEADER = "StaticTable/StaticTable-Prefix.pch";
				INFOPLIST_FILE = "StaticTable/StaticTable-Info.plist";
				PRODUCT_NAME = "$(TARGET_NAME)";
				WRAPPER_EXTENSION = app;
			};
			name = Debug;
		};
		20F9F149141E0BBC00A72BE8 /* Release */ = {
			isa = XCBuildConfiguration;
			buildSettings = {
				GCC_PRECOMPILE_PREFIX_HEADER = YES;
				GCC_PREFIX_HEADER = "StaticTable/StaticTable-Prefix.pch";
				INFOPLIST_FILE = "StaticTable/StaticTable-Info.plist";
				PRODUCT_NAME = "$(TARGET_NAME)";
				WRAPPER_EXTENSION = app;
			};
			name = Release;
		};
/* End XCBuildConfiguration section */

/* Begin XCConfigurationList section */
		202D5A1E1421037A00EF241A /* Build configuration list for PBXNativeTarget "StaticTableLib" */ = {
			isa = XCConfigurationList;
			buildConfigurations = (
				202D5A1C1421037A00EF241A /* Debug */,
				202D5A1D1421037A00EF241A /* Release */,
			);
			defaultConfigurationIsVisible = 0;
		};
		20F9F125141E0BBC00A72BE8 /* Build configuration list for PBXProject "StaticTable" */ = {
			isa = XCConfigurationList;
			buildConfigurations = (
				20F9F145141E0BBC00A72BE8 /* Debug */,
				20F9F146141E0BBC00A72BE8 /* Release */,
			);
			defaultConfigurationIsVisible = 0;
			defaultConfigurationName = Release;
		};
		20F9F147141E0BBC00A72BE8 /* Build configuration list for PBXNativeTarget "StaticTable" */ = {
			isa = XCConfigurationList;
			buildConfigurations = (
				20F9F148141E0BBC00A72BE8 /* Debug */,
				20F9F149141E0BBC00A72BE8 /* Release */,
			);
			defaultConfigurationIsVisible = 0;
			defaultConfigurationName = Release;
		};
/* End XCConfigurationList section */
	};
	rootObject = 20F9F122141E0BBC00A72BE8 /* Project object */;
}
